
Microsoft Visual Studio Solution File, Format Version 12.00
# Visual Studio 14
VisualStudioVersion = 14.0.25420.1
MinimumVisualStudioVersion = 10.0.40219.1
Project("{FAE04EC0-301F-11D3-BF4B-00C04F79EFBC}") = "HW2_Brick", "HW2_Brick\HW2_Brick.csproj", "{584C594F-D8D1-46C0-A838-2A48E653D3C6}"
EndProject
Global
	GlobalSection(SolutionConfigurationPlatforms) = preSolution
		Debug|Any CPU = Debug|Any CPU
		Release|Any CPU = Release|Any CPU
	EndGlobalSection
	GlobalSection(ProjectConfigurationPlatforms) = postSolution
		{584C594F-D8D1-46C0-A838-2A48E653D3C6}.Debug|Any CPU.ActiveCfg = Debug|Any CPU
		{584C594F-D8D1-46C0-A838-2A48E653D3C6}.Debug|Any CPU.Build.0 = Debug|Any CPU
		{584C594F-D8D1-46C0-A838-2A48E653D3C6}.Release|Any CPU.ActiveCfg = Release|Any CPU
		{584C594F-D8D1-46C0-A838-2A48E653D3C6}.Release|Any CPU.Build.0 = Release|Any CPU
	EndGlobalSection
	GlobalSection(SolutionProperties) = preSolution
		HideSolutionNode = FALSE
	EndGlobalSection
EndGlobal
